
Microsoft Visual Studio Solution File, Format Version 12.00
Project("{FAE04EC0-301F-11D3-BF4B-00C04F79EFBC}") = "OilTrader.Web", "OilTrader.Web\OilTrader.Web.csproj", "{DB058D2F-5DA3-49C6-9085-6B81D3CD2970}"
EndProject
Global
	GlobalSection(SolutionConfigurationPlatforms) = preSolution
		Debug|Any CPU = Debug|Any CPU
		Release|Any CPU = Release|Any CPU
	EndGlobalSection
	GlobalSection(ProjectConfigurationPlatforms) = postSolution
		{DB058D2F-5DA3-49C6-9085-6B81D3CD2970}.Debug|Any CPU.ActiveCfg = Debug|Any CPU
		{DB058D2F-5DA3-49C6-9085-6B81D3CD2970}.Debug|Any CPU.Build.0 = Debug|Any CPU
		{DB058D2F-5DA3-49C6-9085-6B81D3CD2970}.Release|Any CPU.ActiveCfg = Release|Any CPU
		{DB058D2F-5DA3-49C6-9085-6B81D3CD2970}.Release|Any CPU.Build.0 = Release|Any CPU
	EndGlobalSection
EndGlobal
